{
  "name": "mitfacts",
  "version": "1.0.0",
  "lockfileVersion": 2,
  "requires": true,
  "packages": {
    "": {
      "version": "1.0.0",
      "license": "MIT",
      "dependencies": {
        "course-utilities": "^1.0.0"
      }
    },
    "node_modules/course-utilities": {
      "version": "1.0.0",
      "resolved": "https://registry.npmjs.org/course-utilities/-/course-utilities-1.0.0.tgz",
      "integrity": "sha512-Pnlfx3g5w7fYMS4vFo5M8ALR2tAmu6Yg3oe6AJ/qZG+7Q2bp7KkDtgnwd0Rb3Lo5aUyYTOdyL3qSzc7vEyUHHQ=="
    }
  },
  "dependencies": {
    "course-utilities": {
      "version": "1.0.0",
      "resolved": "https://registry.npmjs.org/course-utilities/-/course-utilities-1.0.0.tgz",
      "integrity": "sha512-Pnlfx3g5w7fYMS4vFo5M8ALR2tAmu6Yg3oe6AJ/qZG+7Q2bp7KkDtgnwd0Rb3Lo5aUyYTOdyL3qSzc7vEyUHHQ=="
    }
  }
}
